lockfileVersion: '6.0'

settings:
  autoInstallPeers: true
  excludeLinksFromLockfile: false

dependencies:
  axios:
    specifier: ^1.6.8
    version: 1.6.8
  ethers:
    specifier: 5.6.9
    version: 5.6.9
  next:
    specifier: 14.1.4
    version: 14.1.4(react-dom@18.2.0)(react@18.2.0)
  react:
    specifier: 18.2.0
    version: 18.2.0
  react-dom:
    specifier: 18.2.0
    version: 18.2.0(react@18.2.0)
  react-icons:
    specifier: ^5.0.1
    version: 5.0.1(react@18.2.0)

packages:

  /@ethersproject/abi@5.6.4:
    resolution: {integrity: sha512-TTeZUlCeIHG6527/2goZA6gW5F8Emoc7MrZDC7hhP84aRGvW3TEdTnZR08Ls88YXM1m2SuK42Osw/jSi3uO8gg==}
    dependencies:
      '@ethersproject/address': 5.6.1
      '@ethersproject/bignumber': 5.6.2
      '@ethersproject/bytes': 5.6.1
      '@ethersproject/constants': 5.6.1
      '@ethersproject/hash': 5.6.1
      '@ethersproject/keccak256': 5.6.1
      '@ethersproject/logger': 5.6.0
      '@ethersproject/properties': 5.6.0
      '@ethersproject/strings': 5.6.1
    dev: false

  /@ethersproject/abstract-provider@5.6.1:
    resolution: {integrity: sha512-BxlIgogYJtp1FS8Muvj8YfdClk3unZH0vRMVX791Z9INBNT/kuACZ9GzaY1Y4yFq+YSy6/w4gzj3HCRKrK9hsQ==}
    dependencies:
      '@ethersproject/bignumber': 5.6.2
      '@ethersproject/bytes': 5.6.1
      '@ethersproject/logger': 5.6.0
      '@ethersproject/networks': 5.6.4
      '@ethersproject/properties': 5.6.0
      '@ethersproject/transactions': 5.6.2
      '@ethersproject/web': 5.6.1
    dev: false

  /@ethersproject/abstract-signer@5.6.2:
    resolution: {integrity: sha512-n1r6lttFBG0t2vNiI3HoWaS/KdOt8xyDjzlP2cuevlWLG6EX0OwcKLyG/Kp/cuwNxdy/ous+R/DEMdTUwWQIjQ==}
    dependencies:
      '@ethersproject/abstract-provider': 5.6.1
      '@ethersproject/bignumber': 5.6.2
      '@ethersproject/bytes': 5.6.1
      '@ethersproject/logger': 5.6.0
      '@ethersproject/properties': 5.6.0
    dev: false

  /@ethersproject/address@5.6.1:
    resolution: {integrity: sha512-uOgF0kS5MJv9ZvCz7x6T2EXJSzotiybApn4XlOgoTX0xdtyVIJ7pF+6cGPxiEq/dpBiTfMiw7Yc81JcwhSYA0Q==}
    dependencies:
      '@ethersproject/bignumber': 5.6.2
      '@ethersproject/bytes': 5.6.1
      '@ethersproject/keccak256': 5.6.1
      '@ethersproject/logger': 5.6.0
      '@ethersproject/rlp': 5.6.1
    dev: false

  /@ethersproject/base64@5.6.1:
    resolution: {integrity: sha512-qB76rjop6a0RIYYMiB4Eh/8n+Hxu2NIZm8S/Q7kNo5pmZfXhHGHmS4MinUainiBC54SCyRnwzL+KZjj8zbsSsw==}
    dependencies:
      '@ethersproject/bytes': 5.6.1
    dev: false

  /@ethersproject/basex@5.6.1:
    resolution: {integrity: sha512-a52MkVz4vuBXR06nvflPMotld1FJWSj2QT0985v7P/emPZO00PucFAkbcmq2vpVU7Ts7umKiSI6SppiLykVWsA==}
    dependencies:
      '@ethersproject/bytes': 5.6.1
      '@ethersproject/properties': 5.6.0
    dev: false

  /@ethersproject/bignumber@5.6.2:
    resolution: {integrity: sha512-v7+EEUbhGqT3XJ9LMPsKvXYHFc8eHxTowFCG/HgJErmq4XHJ2WR7aeyICg3uTOAQ7Icn0GFHAohXEhxQHq4Ubw==}
    dependencies:
      '@ethersproject/bytes': 5.6.1
      '@ethersproject/logger': 5.6.0
      bn.js: 5.2.1
    dev: false

  /@ethersproject/bytes@5.6.1:
    resolution: {integrity: sha512-NwQt7cKn5+ZE4uDn+X5RAXLp46E1chXoaMmrxAyA0rblpxz8t58lVkrHXoRIn0lz1joQElQ8410GqhTqMOwc6g==}
    dependencies:
      '@ethersproject/logger': 5.6.0
    dev: false

  /@ethersproject/constants@5.6.1:
    resolution: {integrity: sha512-QSq9WVnZbxXYFftrjSjZDUshp6/eKp6qrtdBtUCm0QxCV5z1fG/w3kdlcsjMCQuQHUnAclKoK7XpXMezhRDOLg==}
    dependencies:
      '@ethersproject/bignumber': 5.6.2
    dev: false

  /@ethersproject/contracts@5.6.2:
    resolution: {integrity: sha512-hguUA57BIKi6WY0kHvZp6PwPlWF87MCeB4B7Z7AbUpTxfFXFdn/3b0GmjZPagIHS+3yhcBJDnuEfU4Xz+Ks/8g==}
    dependencies:
      '@ethersproject/abi': 5.6.4
      '@ethersproject/abstract-provider': 5.6.1
      '@ethersproject/abstract-signer': 5.6.2
      '@ethersproject/address': 5.6.1
      '@ethersproject/bignumber': 5.6.2
      '@ethersproject/bytes': 5.6.1
      '@ethersproject/constants': 5.6.1
      '@ethersproject/logger': 5.6.0
      '@ethersproject/properties': 5.6.0
      '@ethersproject/transactions': 5.6.2
    dev: false

  /@ethersproject/hash@5.6.1:
    resolution: {integrity: sha512-L1xAHurbaxG8VVul4ankNX5HgQ8PNCTrnVXEiFnE9xoRnaUcgfD12tZINtDinSllxPLCtGwguQxJ5E6keE84pA==}
    dependencies:
      '@ethersproject/abstract-signer': 5.6.2
      '@ethersproject/address': 5.6.1
      '@ethersproject/bignumber': 5.6.2
      '@ethersproject/bytes': 5.6.1
      '@ethersproject/keccak256': 5.6.1
      '@ethersproject/logger': 5.6.0
      '@ethersproject/properties': 5.6.0
      '@ethersproject/strings': 5.6.1
    dev: false

  /@ethersproject/hdnode@5.6.2:
    resolution: {integrity: sha512-tERxW8Ccf9CxW2db3WsN01Qao3wFeRsfYY9TCuhmG0xNpl2IO8wgXU3HtWIZ49gUWPggRy4Yg5axU0ACaEKf1Q==}
    dependencies:
      '@ethersproject/abstract-signer': 5.6.2
      '@ethersproject/basex': 5.6.1
      '@ethersproject/bignumber': 5.6.2
      '@ethersproject/bytes': 5.6.1
      '@ethersproject/logger': 5.6.0
      '@ethersproject/pbkdf2': 5.6.1
      '@ethersproject/properties': 5.6.0
      '@ethersproject/sha2': 5.6.1
      '@ethersproject/signing-key': 5.6.2
      '@ethersproject/strings': 5.6.1
      '@ethersproject/transactions': 5.6.2
      '@ethersproject/wordlists': 5.6.1
    dev: false

  /@ethersproject/json-wallets@5.6.1:
    resolution: {integrity: sha512-KfyJ6Zwz3kGeX25nLihPwZYlDqamO6pfGKNnVMWWfEVVp42lTfCZVXXy5Ie8IZTN0HKwAngpIPi7gk4IJzgmqQ==}
    dependencies:
      '@ethersproject/abstract-signer': 5.6.2
      '@ethersproject/address': 5.6.1
      '@ethersproject/bytes': 5.6.1
      '@ethersproject/hdnode': 5.6.2
      '@ethersproject/keccak256': 5.6.1
      '@ethersproject/logger': 5.6.0
      '@ethersproject/pbkdf2': 5.6.1
      '@ethersproject/properties': 5.6.0
      '@ethersproject/random': 5.6.1
      '@ethersproject/strings': 5.6.1
      '@ethersproject/transactions': 5.6.2
      aes-js: 3.0.0
      scrypt-js: 3.0.1
    dev: false

  /@ethersproject/keccak256@5.6.1:
    resolution: {integrity: sha512-bB7DQHCTRDooZZdL3lk9wpL0+XuG3XLGHLh3cePnybsO3V0rdCAOQGpn/0R3aODmnTOOkCATJiD2hnL+5bwthA==}
    dependencies:
      '@ethersproject/bytes': 5.6.1
      js-sha3: 0.8.0
    dev: false

  /@ethersproject/logger@5.6.0:
    resolution: {integrity: sha512-BiBWllUROH9w+P21RzoxJKzqoqpkyM1pRnEKG69bulE9TSQD8SAIvTQqIMZmmCO8pUNkgLP1wndX1gKghSpBmg==}
    dev: false

  /@ethersproject/networks@5.6.4:
    resolution: {integrity: sha512-KShHeHPahHI2UlWdtDMn2lJETcbtaJge4k7XSjDR9h79QTd6yQJmv6Cp2ZA4JdqWnhszAOLSuJEd9C0PRw7hSQ==}
    dependencies:
      '@ethersproject/logger': 5.6.0
    dev: false

  /@ethersproject/pbkdf2@5.6.1:
    resolution: {integrity: sha512-k4gRQ+D93zDRPNUfmduNKq065uadC2YjMP/CqwwX5qG6R05f47boq6pLZtV/RnC4NZAYOPH1Cyo54q0c9sshRQ==}
    dependencies:
      '@ethersproject/bytes': 5.6.1
      '@ethersproject/sha2': 5.6.1
    dev: false

  /@ethersproject/properties@5.6.0:
    resolution: {integrity: sha512-szoOkHskajKePTJSZ46uHUWWkbv7TzP2ypdEK6jGMqJaEt2sb0jCgfBo0gH0m2HBpRixMuJ6TBRaQCF7a9DoCg==}
    dependencies:
      '@ethersproject/logger': 5.6.0
    dev: false

  /@ethersproject/providers@5.6.8:
    resolution: {integrity: sha512-Wf+CseT/iOJjrGtAOf3ck9zS7AgPmr2fZ3N97r4+YXN3mBePTG2/bJ8DApl9mVwYL+RpYbNxMEkEp4mPGdwG/w==}
    dependencies:
      '@ethersproject/abstract-provider': 5.6.1
      '@ethersproject/abstract-signer': 5.6.2
      '@ethersproject/address': 5.6.1
      '@ethersproject/base64': 5.6.1
      '@ethersproject/basex': 5.6.1
      '@ethersproject/bignumber': 5.6.2
      '@ethersproject/bytes': 5.6.1
      '@ethersproject/constants': 5.6.1
      '@ethersproject/hash': 5.6.1
      '@ethersproject/logger': 5.6.0
      '@ethersproject/networks': 5.6.4
      '@ethersproject/properties': 5.6.0
      '@ethersproject/random': 5.6.1
      '@ethersproject/rlp': 5.6.1
      '@ethersproject/sha2': 5.6.1
      '@ethersproject/strings': 5.6.1
      '@ethersproject/transactions': 5.6.2
      '@ethersproject/web': 5.6.1
      bech32: 1.1.4
      ws: 7.4.6
    transitivePeerDependencies:
      - bufferutil
      - utf-8-validate
    dev: false

  /@ethersproject/random@5.6.1:
    resolution: {integrity: sha512-/wtPNHwbmng+5yi3fkipA8YBT59DdkGRoC2vWk09Dci/q5DlgnMkhIycjHlavrvrjJBkFjO/ueLyT+aUDfc4lA==}
    dependencies:
      '@ethersproject/bytes': 5.6.1
      '@ethersproject/logger': 5.6.0
    dev: false

  /@ethersproject/rlp@5.6.1:
    resolution: {integrity: sha512-uYjmcZx+DKlFUk7a5/W9aQVaoEC7+1MOBgNtvNg13+RnuUwT4F0zTovC0tmay5SmRslb29V1B7Y5KCri46WhuQ==}
    dependencies:
      '@ethersproject/bytes': 5.6.1
      '@ethersproject/logger': 5.6.0
    dev: false

  /@ethersproject/sha2@5.6.1:
    resolution: {integrity: sha512-5K2GyqcW7G4Yo3uenHegbXRPDgARpWUiXc6RiF7b6i/HXUoWlb7uCARh7BAHg7/qT/Q5ydofNwiZcim9qpjB6g==}
    dependencies:
      '@ethersproject/bytes': 5.6.1
      '@ethersproject/logger': 5.6.0
      hash.js: 1.1.7
    dev: false

  /@ethersproject/signing-key@5.6.2:
    resolution: {integrity: sha512-jVbu0RuP7EFpw82vHcL+GP35+KaNruVAZM90GxgQnGqB6crhBqW/ozBfFvdeImtmb4qPko0uxXjn8l9jpn0cwQ==}
    dependencies:
      '@ethersproject/bytes': 5.6.1
      '@ethersproject/logger': 5.6.0
      '@ethersproject/properties': 5.6.0
      bn.js: 5.2.1
      elliptic: 6.5.4
      hash.js: 1.1.7
    dev: false

  /@ethersproject/solidity@5.6.1:
    resolution: {integrity: sha512-KWqVLkUUoLBfL1iwdzUVlkNqAUIFMpbbeH0rgCfKmJp0vFtY4AsaN91gHKo9ZZLkC4UOm3cI3BmMV4N53BOq4g==}
    dependencies:
      '@ethersproject/bignumber': 5.6.2
      '@ethersproject/bytes': 5.6.1
      '@ethersproject/keccak256': 5.6.1
      '@ethersproject/logger': 5.6.0
      '@ethersproject/sha2': 5.6.1
      '@ethersproject/strings': 5.6.1
    dev: false

  /@ethersproject/strings@5.6.1:
    resolution: {integrity: sha512-2X1Lgk6Jyfg26MUnsHiT456U9ijxKUybz8IM1Vih+NJxYtXhmvKBcHOmvGqpFSVJ0nQ4ZCoIViR8XlRw1v/+Cw==}
    dependencies:
      '@ethersproject/bytes': 5.6.1
      '@ethersproject/constants': 5.6.1
      '@ethersproject/logger': 5.6.0
    dev: false

  /@ethersproject/transactions@5.6.2:
    resolution: {integrity: sha512-BuV63IRPHmJvthNkkt9G70Ullx6AcM+SDc+a8Aw/8Yew6YwT51TcBKEp1P4oOQ/bP25I18JJr7rcFRgFtU9B2Q==}
    dependencies:
      '@ethersproject/address': 5.6.1
      '@ethersproject/bignumber': 5.6.2
      '@ethersproject/bytes': 5.6.1
      '@ethersproject/constants': 5.6.1
      '@ethersproject/keccak256': 5.6.1
      '@ethersproject/logger': 5.6.0
      '@ethersproject/properties': 5.6.0
      '@ethersproject/rlp': 5.6.1
      '@ethersproject/signing-key': 5.6.2
    dev: false

  /@ethersproject/units@5.6.1:
    resolution: {integrity: sha512-rEfSEvMQ7obcx3KWD5EWWx77gqv54K6BKiZzKxkQJqtpriVsICrktIQmKl8ReNToPeIYPnFHpXvKpi068YFZXw==}
    dependencies:
      '@ethersproject/bignumber': 5.6.2
      '@ethersproject/constants': 5.6.1
      '@ethersproject/logger': 5.6.0
    dev: false

  /@ethersproject/wallet@5.6.2:
    resolution: {integrity: sha512-lrgh0FDQPuOnHcF80Q3gHYsSUODp6aJLAdDmDV0xKCN/T7D99ta1jGVhulg3PY8wiXEngD0DfM0I2XKXlrqJfg==}
    dependencies:
      '@ethersproject/abstract-provider': 5.6.1
      '@ethersproject/abstract-signer': 5.6.2
      '@ethersproject/address': 5.6.1
      '@ethersproject/bignumber': 5.6.2
      '@ethersproject/bytes': 5.6.1
      '@ethersproject/hash': 5.6.1
      '@ethersproject/hdnode': 5.6.2
      '@ethersproject/json-wallets': 5.6.1
      '@ethersproject/keccak256': 5.6.1
      '@ethersproject/logger': 5.6.0
      '@ethersproject/properties': 5.6.0
      '@ethersproject/random': 5.6.1
      '@ethersproject/signing-key': 5.6.2
      '@ethersproject/transactions': 5.6.2
      '@ethersproject/wordlists': 5.6.1
    dev: false

  /@ethersproject/web@5.6.1:
    resolution: {integrity: sha512-/vSyzaQlNXkO1WV+RneYKqCJwualcUdx/Z3gseVovZP0wIlOFcCE1hkRhKBH8ImKbGQbMl9EAAyJFrJu7V0aqA==}
    dependencies:
      '@ethersproject/base64': 5.6.1
      '@ethersproject/bytes': 5.6.1
      '@ethersproject/logger': 5.6.0
      '@ethersproject/properties': 5.6.0
      '@ethersproject/strings': 5.6.1
    dev: false

  /@ethersproject/wordlists@5.6.1:
    resolution: {integrity: sha512-wiPRgBpNbNwCQFoCr8bcWO8o5I810cqO6mkdtKfLKFlLxeCWcnzDi4Alu8iyNzlhYuS9npCwivMbRWF19dyblw==}
    dependencies:
      '@ethersproject/bytes': 5.6.1
      '@ethersproject/hash': 5.6.1
      '@ethersproject/logger': 5.6.0
      '@ethersproject/properties': 5.6.0
      '@ethersproject/strings': 5.6.1
    dev: false

  /@next/env@14.1.4:
    resolution: {integrity: sha512-e7X7bbn3Z6DWnDi75UWn+REgAbLEqxI8Tq2pkFOFAMpWAWApz/YCUhtWMWn410h8Q2fYiYL7Yg5OlxMOCfFjJQ==}
    dev: false

  /@next/swc-darwin-arm64@14.1.4:
    resolution: {integrity: sha512-ubmUkbmW65nIAOmoxT1IROZdmmJMmdYvXIe8211send9ZYJu+SqxSnJM4TrPj9wmL6g9Atvj0S/2cFmMSS99jg==}
    engines: {node: '>= 10'}
    cpu: [arm64]
    os: [darwin]
    requiresBuild: true
    dev: false
    optional: true

  /@next/swc-darwin-x64@14.1.4:
    resolution: {integrity: sha512-b0Xo1ELj3u7IkZWAKcJPJEhBop117U78l70nfoQGo4xUSvv0PJSTaV4U9xQBLvZlnjsYkc8RwQN1HoH/oQmLlQ==}
    engines: {node: '>= 10'}
    cpu: [x64]
    os: [darwin]
    requiresBuild: true
    dev: false
    optional: true

  /@next/swc-linux-arm64-gnu@14.1.4:
    resolution: {integrity: sha512-457G0hcLrdYA/u1O2XkRMsDKId5VKe3uKPvrKVOyuARa6nXrdhJOOYU9hkKKyQTMru1B8qEP78IAhf/1XnVqKA==}
    engines: {node: '>= 10'}
    cpu: [arm64]
    os: [linux]
    requiresBuild: true
    dev: false
    optional: true

  /@next/swc-linux-arm64-musl@14.1.4:
    resolution: {integrity: sha512-l/kMG+z6MB+fKA9KdtyprkTQ1ihlJcBh66cf0HvqGP+rXBbOXX0dpJatjZbHeunvEHoBBS69GYQG5ry78JMy3g==}
    engines: {node: '>= 10'}
    cpu: [arm64]
    os: [linux]
    requiresBuild: true
    dev: false
    optional: true

  /@next/swc-linux-x64-gnu@14.1.4:
    resolution: {integrity: sha512-BapIFZ3ZRnvQ1uWbmqEGJuPT9cgLwvKtxhK/L2t4QYO7l+/DxXuIGjvp1x8rvfa/x1FFSsipERZK70pewbtJtw==}
    engines: {node: '>= 10'}
    cpu: [x64]
    os: [linux]
    requiresBuild: true
    dev: false
    optional: true

  /@next/swc-linux-x64-musl@14.1.4:
    resolution: {integrity: sha512-mqVxTwk4XuBl49qn2A5UmzFImoL1iLm0KQQwtdRJRKl21ylQwwGCxJtIYo2rbfkZHoSKlh/YgztY0qH3wG1xIg==}
    engines: {node: '>= 10'}
    cpu: [x64]
    os: [linux]
    requiresBuild: true
    dev: false
    optional: true

  /@next/swc-win32-arm64-msvc@14.1.4:
    resolution: {integrity: sha512-xzxF4ErcumXjO2Pvg/wVGrtr9QQJLk3IyQX1ddAC/fi6/5jZCZ9xpuL9Tzc4KPWMFq8GGWFVDMshZOdHGdkvag==}
    engines: {node: '>= 10'}
    cpu: [arm64]
    os: [win32]
    requiresBuild: true
    dev: false
    optional: true

  /@next/swc-win32-ia32-msvc@14.1.4:
    resolution: {integrity: sha512-WZiz8OdbkpRw6/IU/lredZWKKZopUMhcI2F+XiMAcPja0uZYdMTZQRoQ0WZcvinn9xZAidimE7tN9W5v9Yyfyw==}
    engines: {node: '>= 10'}
    cpu: [ia32]
    os: [win32]
    requiresBuild: true
    dev: false
    optional: true

  /@next/swc-win32-x64-msvc@14.1.4:
    resolution: {integrity: sha512-4Rto21sPfw555sZ/XNLqfxDUNeLhNYGO2dlPqsnuCg8N8a2a9u1ltqBOPQ4vj1Gf7eJC0W2hHG2eYUHuiXgY2w==}
    engines: {node: '>= 10'}
    cpu: [x64]
    os: [win32]
    requiresBuild: true
    dev: false
    optional: true

  /@swc/helpers@0.5.2:
    resolution: {integrity: sha512-E4KcWTpoLHqwPHLxidpOqQbcrZVgi0rsmmZXUle1jXmJfuIf/UWpczUJ7MZZ5tlxytgJXyp0w4PGkkeLiuIdZw==}
    dependencies:
      tslib: 2.6.2
    dev: false

  /aes-js@3.0.0:
    resolution: {integrity: sha512-H7wUZRn8WpTq9jocdxQ2c8x2sKo9ZVmzfRE13GiNJXfp7NcKYEdvl3vspKjXox6RIG2VtaRe4JFvxG4rqp2Zuw==}
    dev: false

  /asynckit@0.4.0:
    resolution: {integrity: sha512-Oei9OH4tRh0YqU3GxhX79dM/mwVgvbZJaSNaRk+bshkj0S5cfHcgYakreBjrHwatXKbz+IoIdYLxrKim2MjW0Q==}
    dev: false

  /axios@1.6.8:
    resolution: {integrity: sha512-v/ZHtJDU39mDpyBoFVkETcd/uNdxrWRrg3bKpOKzXFA6Bvqopts6ALSMU3y6ijYxbw2B+wPrIv46egTzJXCLGQ==}
    dependencies:
      follow-redirects: 1.15.6
      form-data: 4.0.0
      proxy-from-env: 1.1.0
    transitivePeerDependencies:
      - debug
    dev: false

  /bech32@1.1.4:
    resolution: {integrity: sha512-s0IrSOzLlbvX7yp4WBfPITzpAU8sqQcpsmwXDiKwrG4r491vwCO/XpejasRNl0piBMe/DvP4Tz0mIS/X1DPJBQ==}
    dev: false

  /bn.js@4.12.0:
    resolution: {integrity: sha512-c98Bf3tPniI+scsdk237ku1Dc3ujXQTSgyiPUDEOe7tRkhrqridvh8klBv0HCEso1OLOYcHuCv/cS6DNxKH+ZA==}
    dev: false

  /bn.js@5.2.1:
    resolution: {integrity: sha512-eXRvHzWyYPBuB4NBy0cmYQjGitUrtqwbvlzP3G6VFnNRbsZQIxQ10PbKKHt8gZ/HW/D/747aDl+QkDqg3KQLMQ==}
    dev: false

  /brorand@1.1.0:
    resolution: {integrity: sha512-cKV8tMCEpQs4hK/ik71d6LrPOnpkpGBR0wzxqr68g2m/LB2GxVYQroAjMJZRVM1Y4BCjCKc3vAamxSzOY2RP+w==}
    dev: false

  /busboy@1.6.0:
    resolution: {integrity: sha512-8SFQbg/0hQ9xy3UNTB0YEnsNBbWfhf7RtnzpL7TkBiTBRfrQ9Fxcnz7VJsleJpyp6rVLvXiuORqjlHi5q+PYuA==}
    engines: {node: '>=10.16.0'}
    dependencies:
      streamsearch: 1.1.0
    dev: false

  /caniuse-lite@1.0.30001600:
    resolution: {integrity: sha512-+2S9/2JFhYmYaDpZvo0lKkfvuKIglrx68MwOBqMGHhQsNkLjB5xtc/TGoEPs+MxjSyN/72qer2g97nzR641mOQ==}
    dev: false

  /client-only@0.0.1:
    resolution: {integrity: sha512-IV3Ou0jSMzZrd3pZ48nLkT9DA7Ag1pnPzaiQhpW7c3RbcqqzvzzVu+L8gfqMp/8IM2MQtSiqaCxrrcfu8I8rMA==}
    dev: false

  /combined-stream@1.0.8:
    resolution: {integrity: sha512-FQN4MRfuJeHf7cBbBMJFXhKSDq+2kAArBlmRBvcvFE5BB1HZKXtSFASDhdlz9zOYwxh8lDdnvmMOe/+5cdoEdg==}
    engines: {node: '>= 0.8'}
    dependencies:
      delayed-stream: 1.0.0
    dev: false

  /delayed-stream@1.0.0:
    resolution: {integrity: sha512-ZySD7Nf91aLB0RxL4KGrKHBXl7Eds1DAmEdcoVawXnLD7SDhpNgtuII2aAkg7a7QS41jxPSZ17p4VdGnMHk3MQ==}
    engines: {node: '>=0.4.0'}
    dev: false

  /elliptic@6.5.4:
    resolution: {integrity: sha512-iLhC6ULemrljPZb+QutR5TQGB+pdW6KGD5RSegS+8sorOZT+rdQFbsQFJgvN3eRqNALqJer4oQ16YvJHlU8hzQ==}
    dependencies:
      bn.js: 4.12.0
      brorand: 1.1.0
      hash.js: 1.1.7
      hmac-drbg: 1.0.1
      inherits: 2.0.4
      minimalistic-assert: 1.0.1
      minimalistic-crypto-utils: 1.0.1
    dev: false

  /ethers@5.6.9:
    resolution: {integrity: sha512-lMGC2zv9HC5EC+8r429WaWu3uWJUCgUCt8xxKCFqkrFuBDZXDYIdzDUECxzjf2BMF8IVBByY1EBoGSL3RTm8RA==}
    dependencies:
      '@ethersproject/abi': 5.6.4
      '@ethersproject/abstract-provider': 5.6.1
      '@ethersproject/abstract-signer': 5.6.2
      '@ethersproject/address': 5.6.1
      '@ethersproject/base64': 5.6.1
      '@ethersproject/basex': 5.6.1
      '@ethersproject/bignumber': 5.6.2
      '@ethersproject/bytes': 5.6.1
      '@ethersproject/constants': 5.6.1
      '@ethersproject/contracts': 5.6.2
      '@ethersproject/hash': 5.6.1
      '@ethersproject/hdnode': 5.6.2
      '@ethersproject/json-wallets': 5.6.1
      '@ethersproject/keccak256': 5.6.1
      '@ethersproject/logger': 5.6.0
      '@ethersproject/networks': 5.6.4
      '@ethersproject/pbkdf2': 5.6.1
      '@ethersproject/properties': 5.6.0
      '@ethersproject/providers': 5.6.8
      '@ethersproject/random': 5.6.1
      '@ethersproject/rlp': 5.6.1
      '@ethersproject/sha2': 5.6.1
      '@ethersproject/signing-key': 5.6.2
      '@ethersproject/solidity': 5.6.1
      '@ethersproject/strings': 5.6.1
      '@ethersproject/transactions': 5.6.2
      '@ethersproject/units': 5.6.1
      '@ethersproject/wallet': 5.6.2
      '@ethersproject/web': 5.6.1
      '@ethersproject/wordlists': 5.6.1
    transitivePeerDependencies:
      - bufferutil
      - utf-8-validate
    dev: false

  /follow-redirects@1.15.6:
    resolution: {integrity: sha512-wWN62YITEaOpSK584EZXJafH1AGpO8RVgElfkuXbTOrPX4fIfOyEpW/CsiNd8JdYrAoOvafRTOEnvsO++qCqFA==}
    engines: {node: '>=4.0'}
    peerDependencies:
      debug: '*'
    peerDependenciesMeta:
      debug:
        optional: true
    dev: false

  /form-data@4.0.0:
    resolution: {integrity: sha512-ETEklSGi5t0QMZuiXoA/Q6vcnxcLQP5vdugSpuAyi6SVGi2clPPp+xgEhuMaHC+zGgn31Kd235W35f7Hykkaww==}
    engines: {node: '>= 6'}
    dependencies:
      asynckit: 0.4.0
      combined-stream: 1.0.8
      mime-types: 2.1.35
    dev: false

  /graceful-fs@4.2.11:
    resolution: {integrity: sha512-RbJ5/jmFcNNCcDV5o9eTnBLJ/HszWV0P73bc+Ff4nS/rJj+YaS6IGyiOL0VoBYX+l1Wrl3k63h/KrH+nhJ0XvQ==}
    dev: false

  /hash.js@1.1.7:
    resolution: {integrity: sha512-taOaskGt4z4SOANNseOviYDvjEJinIkRgmp7LbKP2YTTmVxWBl87s/uzK9r+44BclBSp2X7K1hqeNfz9JbBeXA==}
    dependencies:
      inherits: 2.0.4
      minimalistic-assert: 1.0.1
    dev: false

  /hmac-drbg@1.0.1:
    resolution: {integrity: sha512-Tti3gMqLdZfhOQY1Mzf/AanLiqh1WTiJgEj26ZuYQ9fbkLomzGchCws4FyrSd4VkpBfiNhaE1On+lOz894jvXg==}
    dependencies:
      hash.js: 1.1.7
      minimalistic-assert: 1.0.1
      minimalistic-crypto-utils: 1.0.1
    dev: false

  /inherits@2.0.4:
    resolution: {integrity: sha512-k/vGaX4/Yla3WzyMCvTQOXYeIHvqOKtnqBduzTHpzpQZzAskKMhZ2K+EnBiSM9zGSoIFeMpXKxa4dYeZIQqewQ==}
    dev: false

  /js-sha3@0.8.0:
    resolution: {integrity: sha512-gF1cRrHhIzNfToc802P800N8PpXS+evLLXfsVpowqmAFR9uwbi89WvXg2QspOmXL8QL86J4T1EpFu+yUkwJY3Q==}
    dev: false

  /js-tokens@4.0.0:
    resolution: {integrity: sha512-RdJUflcE3cUzKiMqQgsCu06FPu9UdIJO0beYbPhHN4k6apgJtifcoCtT9bcxOpYBtpD2kCM6Sbzg4CausW/PKQ==}
    dev: false

  /loose-envify@1.4.0:
    resolution: {integrity: sha512-lyuxPGr/Wfhrlem2CL/UcnUc1zcqKAImBDzukY7Y5F/yQiNdko6+fRLevlw1HgMySw7f611UIY408EtxRSoK3Q==}
    hasBin: true
    dependencies:
      js-tokens: 4.0.0
    dev: false

  /mime-db@1.52.0:
    resolution: {integrity: sha512-sPU4uV7dYlvtWJxwwxHD0PuihVNiE7TyAbQ5SWxDCB9mUYvOgroQOwYQQOKPJ8CIbE+1ETVlOoK1UC2nU3gYvg==}
    engines: {node: '>= 0.6'}
    dev: false

  /mime-types@2.1.35:
    resolution: {integrity: sha512-ZDY+bPm5zTTF+YpCrAU9nK0UgICYPT0QtT1NZWFv4s++TNkcgVaT0g6+4R2uI4MjQjzysHB1zxuWL50hzaeXiw==}
    engines: {node: '>= 0.6'}
    dependencies:
      mime-db: 1.52.0
    dev: false

  /minimalistic-assert@1.0.1:
    resolution: {integrity: sha512-UtJcAD4yEaGtjPezWuO9wC4nwUnVH/8/Im3yEHQP4b67cXlD/Qr9hdITCU1xDbSEXg2XKNaP8jsReV7vQd00/A==}
    dev: false

  /minimalistic-crypto-utils@1.0.1:
    resolution: {integrity: sha512-JIYlbt6g8i5jKfJ3xz7rF0LXmv2TkDxBLUkiBeZ7bAx4GnnNMr8xFpGnOxn6GhTEHx3SjRrZEoU+j04prX1ktg==}
    dev: false

  /nanoid@3.3.7:
    resolution: {integrity: sha512-eSRppjcPIatRIMC1U6UngP8XFcz8MQWGQdt1MTBQ7NaAmvXDfvNxbvWV3x2y6CdEUciCSsDHDQZbhYaB8QEo2g==}
    engines: {node: ^10 || ^12 || ^13.7 || ^14 || >=15.0.1}
    hasBin: true
    dev: false

  /next@14.1.4(react-dom@18.2.0)(react@18.2.0):
    resolution: {integrity: sha512-1WTaXeSrUwlz/XcnhGTY7+8eiaFvdet5z9u3V2jb+Ek1vFo0VhHKSAIJvDWfQpttWjnyw14kBeq28TPq7bTeEQ==}
    engines: {node: '>=18.17.0'}
    hasBin: true
    peerDependencies:
      '@opentelemetry/api': ^1.1.0
      react: ^18.2.0
      react-dom: ^18.2.0
      sass: ^1.3.0
    peerDependenciesMeta:
      '@opentelemetry/api':
        optional: true
      sass:
        optional: true
    dependencies:
      '@next/env': 14.1.4
      '@swc/helpers': 0.5.2
      busboy: 1.6.0
      caniuse-lite: 1.0.30001600
      graceful-fs: 4.2.11
      postcss: 8.4.31
      react: 18.2.0
      react-dom: 18.2.0(react@18.2.0)
      styled-jsx: 5.1.1(react@18.2.0)
    optionalDependencies:
      '@next/swc-darwin-arm64': 14.1.4
      '@next/swc-darwin-x64': 14.1.4
      '@next/swc-linux-arm64-gnu': 14.1.4
      '@next/swc-linux-arm64-musl': 14.1.4
      '@next/swc-linux-x64-gnu': 14.1.4
      '@next/swc-linux-x64-musl': 14.1.4
      '@next/swc-win32-arm64-msvc': 14.1.4
      '@next/swc-win32-ia32-msvc': 14.1.4
      '@next/swc-win32-x64-msvc': 14.1.4
    transitivePeerDependencies:
      - '@babel/core'
      - babel-plugin-macros
    dev: false

  /picocolors@1.0.0:
    resolution: {integrity: sha512-1fygroTLlHu66zi26VoTDv8yRgm0Fccecssto+MhsZ0D/DGW2sm8E8AjW7NU5VVTRt5GxbeZ5qBuJr+HyLYkjQ==}
    dev: false

  /postcss@8.4.31:
    resolution: {integrity: sha512-PS08Iboia9mts/2ygV3eLpY5ghnUcfLV/EXTOW1E2qYxJKGGBUtNjN76FYHnMs36RmARn41bC0AZmn+rR0OVpQ==}
    engines: {node: ^10 || ^12 || >=14}
    dependencies:
      nanoid: 3.3.7
      picocolors: 1.0.0
      source-map-js: 1.2.0
    dev: false

  /proxy-from-env@1.1.0:
    resolution: {integrity: sha512-D+zkORCbA9f1tdWRK0RaCR3GPv50cMxcrz4X8k5LTSUD1Dkw47mKJEZQNunItRTkWwgtaUSo1RVFRIG9ZXiFYg==}
    dev: false

  /react-dom@18.2.0(react@18.2.0):
    resolution: {integrity: sha512-6IMTriUmvsjHUjNtEDudZfuDQUoWXVxKHhlEGSk81n4YFS+r/Kl99wXiwlVXtPBtJenozv2P+hxDsw9eA7Xo6g==}
    peerDependencies:
      react: ^18.2.0
    dependencies:
      loose-envify: 1.4.0
      react: 18.2.0
      scheduler: 0.23.0
    dev: false

  /react-icons@5.0.1(react@18.2.0):
    resolution: {integrity: sha512-WqLZJ4bLzlhmsvme6iFdgO8gfZP17rfjYEJ2m9RsZjZ+cc4k1hTzknEz63YS1MeT50kVzoa1Nz36f4BEx+Wigw==}
    peerDependencies:
      react: '*'
    dependencies:
      react: 18.2.0
    dev: false

  /react@18.2.0:
    resolution: {integrity: sha512-/3IjMdb2L9QbBdWiW5e3P2/npwMBaU9mHCSCUzNln0ZCYbcfTsGbTJrU/kGemdH2IWmB2ioZ+zkxtmq6g09fGQ==}
    engines: {node: '>=0.10.0'}
    dependencies:
      loose-envify: 1.4.0
    dev: false

  /scheduler@0.23.0:
    resolution: {integrity: sha512-CtuThmgHNg7zIZWAXi3AsyIzA3n4xx7aNyjwC2VJldO2LMVDhFK+63xGqq6CsJH4rTAt6/M+N4GhZiDYPx9eUw==}
    dependencies:
      loose-envify: 1.4.0
    dev: false

  /scrypt-js@3.0.1:
    resolution: {integrity: sha512-cdwTTnqPu0Hyvf5in5asVdZocVDTNRmR7XEcJuIzMjJeSHybHl7vpB66AzwTaIg6CLSbtjcxc8fqcySfnTkccA==}
    dev: false

  /source-map-js@1.2.0:
    resolution: {integrity: sha512-itJW8lvSA0TXEphiRoawsCksnlf8SyvmFzIhltqAHluXd88pkCd+cXJVHTDwdCr0IzwptSm035IHQktUu1QUMg==}
    engines: {node: '>=0.10.0'}
    dev: false

  /streamsearch@1.1.0:
    resolution: {integrity: sha512-Mcc5wHehp9aXz1ax6bZUyY5afg9u2rv5cqQI3mRrYkGC8rW2hM02jWuwjtL++LS5qinSyhj2QfLyNsuc+VsExg==}
    engines: {node: '>=10.0.0'}
    dev: false

  /styled-jsx@5.1.1(react@18.2.0):
    resolution: {integrity: sha512-pW7uC1l4mBZ8ugbiZrcIsiIvVx1UmTfw7UkC3Um2tmfUq9Bhk8IiyEIPl6F8agHgjzku6j0xQEZbfA5uSgSaCw==}
    engines: {node: '>= 12.0.0'}
    peerDependencies:
      '@babel/core': '*'
      babel-plugin-macros: '*'
      react: '>= 16.8.0 || 17.x.x || ^18.0.0-0'
    peerDependenciesMeta:
      '@babel/core':
        optional: true
      babel-plugin-macros:
        optional: true
    dependencies:
      client-only: 0.0.1
      react: 18.2.0
    dev: false

  /tslib@2.6.2:
    resolution: {integrity: sha512-AEYxH93jGFPn/a2iVAwW87VuUIkR1FVUKB77NwMF7nBTDkDrrT/Hpt/IrCJ0QXhW27jTBDcf5ZY7w6RiqTMw2Q==}
    dev: false

  /ws@7.4.6:
    resolution: {integrity: sha512-YmhHDO4MzaDLB+M9ym/mDA5z0naX8j7SIlT8f8z+I0VtzsRbekxEutHSme7NPS2qE8StCYQNUnfWdXta/Yu85A==}
    engines: {node: '>=8.3.0'}
    peerDependencies:
      bufferutil: ^4.0.1
      utf-8-validate: ^5.0.2
    peerDependenciesMeta:
      bufferutil:
        optional: true
      utf-8-validate:
        optional: true
    dev: false
